// !$*UTF8*$!
{
	archiveVersion = 1;
	classes = {
	};
	objectVersion = 50;
	objects = {

/* Begin PBXBuildFile section */
		9B75B8C72368B03F003F06A3 /* AppDelegate.swift in Sources */ = {isa = PBXBuildFile; fileRef = 9B75B8C62368B03F003F06A3 /* AppDelegate.swift */; };
		9B75B8C92368B03F003F06A3 /* ViewController.swift in Sources */ = {isa = PBXBuildFile; fileRef = 9B75B8C82368B03F003F06A3 /* ViewController.swift */; };
		9B75B8CC2368B03F003F06A3 /* Main.storyboard in Resources */ = {isa = PBXBuildFile; fileRef = 9B75B8CA2368B03F003F06A3 /* Main.storyboard */; };
		9B75B8CE2368B042003F06A3 /* Assets.xcassets in Resources */ = {isa = PBXBuildFile; fileRef = 9B75B8CD2368B042003F06A3 /* Assets.xcassets */; };
		9B75B8D12368B042003F06A3 /* LaunchScreen.storyboard in Resources */ = {isa = PBXBuildFile; fileRef = 9B75B8CF2368B042003F06A3 /* LaunchScreen.storyboard */; };
		9B75B8DF2368B1B9003F06A3 /* Burger.png in Resources */ = {isa = PBXBuildFile; fileRef = 9B75B8D92368B1B9003F06A3 /* Burger.png */; };
		9B75B8E02368B1B9003F06A3 /* Apple.png in Resources */ = {isa = PBXBuildFile; fileRef = 9B75B8DA2368B1B9003F06A3 /* Apple.png */; };
		9B75B8E12368B1B9003F06A3 /* Banana.png in Resources */ = {isa = PBXBuildFile; fileRef = 9B75B8DB2368B1B9003F06A3 /* Banana.png */; };
		9B75B8E22368B1B9003F06A3 /* Fries.png in Resources */ = {isa = PBXBuildFile; fileRef = 9B75B8DC2368B1B9003F06A3 /* Fries.png */; };
		9B75B8E32368B1B9003F06A3 /* Orange.png in Resources */ = {isa = PBXBuildFile; fileRef = 9B75B8DD2368B1B9003F06A3 /* Orange.png */; };
		9B75B8E42368B1B9003F06A3 /* Pizza.png in Resources */ = {isa = PBXBuildFile; fileRef = 9B75B8DE2368B1B9003F06A3 /* Pizza.png */; };
/* End PBXBuildFile section */

/* Begin PBXFileReference section */
		9B75B8C32368B03F003F06A3 /* Food Table.app */ = {isa = PBXFileReference; explicitFileType = wrapper.application; includeInIndex = 0; path = "Food Table.app"; sourceTree = BUILT_PRODUCTS_DIR; };
		9B75B8C62368B03F003F06A3 /* AppDelegate.swift */ = {isa = PBXFileReference; lastKnownFileType = sourcecode.swift; path = AppDelegate.swift; sourceTree = "<group>"; };
		9B75B8C82368B03F003F06A3 /* ViewController.swift */ = {isa = PBXFileReference; lastKnownFileType = sourcecode.swift; path = ViewController.swift; sourceTree = "<group>"; };
		9B75B8CB2368B03F003F06A3 /* Base */ = {isa = PBXFileReference; lastKnownFileType = file.storyboard; name = Base; path = Base.lproj/Main.storyboard; sourceTree = "<group>"; };
		9B75B8CD2368B042003F06A3 /* Assets.xcassets */ = {isa = PBXFileReference; lastKnownFileType = folder.assetcatalog; path = Assets.xcassets; sourceTree = "<group>"; };
		9B75B8D02368B042003F06A3 /* Base */ = {isa = PBXFileReference; lastKnownFileType = file.storyboard; name = Base; path = Base.lproj/LaunchScreen.storyboard; sourceTree = "<group>"; };
		9B75B8D22368B042003F06A3 /* Info.plist */ = {isa = PBXFileReference; lastKnownFileType = text.plist.xml; path = Info.plist; sourceTree = "<group>"; };
		9B75B8D92368B1B9003F06A3 /* Burger.png */ = {isa = PBXFileReference; lastKnownFileType = image.png; path = Burger.png; sourceTree = "<group>"; };
		9B75B8DA2368B1B9003F06A3 /* Apple.png */ = {isa = PBXFileReference; lastKnownFileType = image.png; path = Apple.png; sourceTree = "<group>"; };
		9B75B8DB2368B1B9003F06A3 /* Banana.png */ = {isa = PBXFileReference; lastKnownFileType = image.png; path = Banana.png; sourceTree = "<group>"; };
		9B75B8DC2368B1B9003F06A3 /* Fries.png */ = {isa = PBXFileReference; lastKnownFileType = image.png; path = Fries.png; sourceTree = "<group>"; };
		9B75B8DD2368B1B9003F06A3 /* Orange.png */ = {isa = PBXFileReference; lastKnownFileType = image.png; path = Orange.png; sourceTree = "<group>"; };
		9B75B8DE2368B1B9003F06A3 /* Pizza.png */ = {isa = PBXFileReference; lastKnownFileType = image.png; path = Pizza.png; sourceTree = "<group>"; };
/* End PBXFileReference section */

/* Begin PBXFrameworksBuildPhase section */
		9B75B8C02368B03F003F06A3 /* Frameworks */ = {
			isa = PBXFrameworksBuildPhase;
			buildActionMask = 2147483647;
			files = (
			);
			runOnlyForDeploymentPostprocessing = 0;
		};
/* End PBXFrameworksBuildPhase section */

/* Begin PBXGroup section */
		9B75B8BA2368B03F003F06A3 = {
			isa = PBXGroup;
			children = (
				9B75B8C52368B03F003F06A3 /* Food Table */,
				9B75B8C42368B03F003F06A3 /* Products */,
			);
			sourceTree = "<group>";
		};
		9B75B8C42368B03F003F06A3 /* Products */ = {
			isa = PBXGroup;
			children = (
				9B75B8C32368B03F003F06A3 /* Food Table.app */,
			);
			name = Products;
			sourceTree = "<group>";
		};
		9B75B8C52368B03F003F06A3 /* Food Table */ = {
			isa = PBXGroup;
			children = (
				9B75B8D82368B19A003F06A3 /* Images */,
				9B75B8C62368B03F003F06A3 /* AppDelegate.swift */,
				9B75B8C82368B03F003F06A3 /* ViewController.swift */,
				9B75B8CA2368B03F003F06A3 /* Main.storyboard */,
				9B75B8CD2368B042003F06A3 /* Assets.xcassets */,
				9B75B8CF2368B042003F06A3 /* LaunchScreen.storyboard */,
				9B75B8D22368B042003F06A3 /* Info.plist */,
			);
			path = "Food Table";
			sourceTree = "<group>";
		};
		9B75B8D82368B19A003F06A3 /* Images */ = {
			isa = PBXGroup;
			children = (
				9B75B8DA2368B1B9003F06A3 /* Apple.png */,
				9B75B8DB2368B1B9003F06A3 /* Banana.png */,
				9B75B8D92368B1B9003F06A3 /* Burger.png */,
				9B75B8DC2368B1B9003F06A3 /* Fries.png */,
				9B75B8DD2368B1B9003F06A3 /* Orange.png */,
				9B75B8DE2368B1B9003F06A3 /* Pizza.png */,
			);
			path = Images;
			sourceTree = "<group>";
		};
/* End PBXGroup section */

/* Begin PBXNativeTarget section */
		9B75B8C22368B03F003F06A3 /* Food Table */ = {
			isa = PBXNativeTarget;
			buildConfigurationList = 9B75B8D52368B042003F06A3 /* Build configuration list for PBXNativeTarget "Food Table" */;
			buildPhases = (
				9B75B8BF2368B03F003F06A3 /* Sources */,
				9B75B8C02368B03F003F06A3 /* Frameworks */,
				9B75B8C12368B03F003F06A3 /* Resources */,
			);
			buildRules = (
			);
			dependencies = (
			);
			name = "Food Table";
			productName = "Food Table";
			productReference = 9B75B8C32368B03F003F06A3 /* Food Table.app */;
			productType = "com.apple.product-type.application";
		};
/* End PBXNativeTarget section */

/* Begin PBXProject section */
		9B75B8BB2368B03F003F06A3 /* Project object */ = {
			isa = PBXProject;
			attributes = {
				LastSwiftUpdateCheck = 1030;
				LastUpgradeCheck = 1030;
				ORGANIZATIONNAME = MacStudent;
				TargetAttributes = {
					9B75B8C22368B03F003F06A3 = {
						CreatedOnToolsVersion = 10.3;
					};
				};
			};
			buildConfigurationList = 9B75B8BE2368B03F003F06A3 /* Build configuration list for PBXProject "Food Table" */;
			compatibilityVersion = "Xcode 9.3";
			developmentRegion = en;
			hasScannedForEncodings = 0;
			knownRegions = (
				en,
				Base,
			);
			mainGroup = 9B75B8BA2368B03F003F06A3;
			productRefGroup = 9B75B8C42368B03F003F06A3 /* Products */;
			projectDirPath = "";
			projectRoot = "";
			targets = (
				9B75B8C22368B03F003F06A3 /* Food Table */,
			);
		};
/* End PBXProject section */

/* Begin PBXResourcesBuildPhase section */
		9B75B8C12368B03F003F06A3 /* Resources */ = {
			isa = PBXResourcesBuildPhase;
			buildActionMask = 2147483647;
			files = (
				9B75B8DF2368B1B9003F06A3 /* Burger.png in Resources */,
				9B75B8E32368B1B9003F06A3 /* Orange.png in Resources */,
				9B75B8D12368B042003F06A3 /* LaunchScreen.storyboard in Resources */,
				9B75B8E42368B1B9003F06A3 /* Pizza.png in Resources */,
				9B75B8E12368B1B9003F06A3 /* Banana.png in Resources */,
				9B75B8E02368B1B9003F06A3 /* Apple.png in Resources */,
				9B75B8E22368B1B9003F06A3 /* Fries.png in Resources */,
				9B75B8CE2368B042003F06A3 /* Assets.xcassets in Resources */,
				9B75B8CC2368B03F003F06A3 /* Main.storyboard in Resources */,
			);
			runOnlyForDeploymentPostprocessing = 0;
		};
/* End PBXResourcesBuildPhase section */

/* Begin PBXSourcesBuildPhase section */
		9B75B8BF2368B03F003F06A3 /* Sources */ = {
			isa = PBXSourcesBuildPhase;
			buildActionMask = 2147483647;
			files = (
				9B75B8C92368B03F003F06A3 /* ViewController.swift in Sources */,
				9B75B8C72368B03F003F06A3 /* AppDelegate.swift in Sources */,
			);
			runOnlyForDeploymentPostprocessing = 0;
		};
/* End PBXSourcesBuildPhase section */

/* Begin PBXVariantGroup section */
		9B75B8CA2368B03F003F06A3 /* Main.storyboard */ = {
			isa = PBXVariantGroup;
			children = (
				9B75B8CB2368B03F003F06A3 /* Base */,
			);
			name = Main.storyboard;
			sourceTree = "<group>";
		};
		9B75B8CF2368B042003F06A3 /* LaunchScreen.storyboard */ = {
			isa = PBXVariantGroup;
			children = (
				9B75B8D02368B042003F06A3 /* Base */,
			);
			name = LaunchScreen.storyboard;
			sourceTree = "<group>";
		};
/* End PBXVariantGroup section */

/* Begin XCBuildConfiguration section */
		9B75B8D32368B042003F06A3 /* Debug */ = {
			isa = XCBuildConfiguration;
			buildSettings = {
				ALWAYS_SEARCH_USER_PATHS = NO;
				CLANG_ANALYZER_NONNULL = YES;
				CLANG_ANALYZER_NUMBER_OBJECT_CONVERSION = YES_AGGRESSIVE;
				CLANG_CXX_LANGUAGE_STANDARD = "gnu++14";
				CLANG_CXX_LIBRARY = "libc++";
				CLANG_ENABLE_MODULES = YES;
				CLANG_ENABLE_OBJC_ARC = YES;
				CLANG_ENABLE_OBJC_WEAK = YES;
				CLANG_WARN_BLOCK_CAPTURE_AUTORELEASING = YES;
				CLANG_WARN_BOOL_CONVERSION = YES;
				CLANG_WARN_COMMA = YES;
				CLANG_WARN_CONSTANT_CONVERSION = YES;
				CLANG_WARN_DEPRECATED_OBJC_IMPLEMENTATIONS = YES;
				CLANG_WARN_DIRECT_OBJC_ISA_USAGE = YES_ERROR;
				CLANG_WARN_DOCUMENTATION_COMMENTS = YES;
				CLANG_WARN_EMPTY_BODY = YES;
				CLANG_WARN_ENUM_CONVERSION = YES;
				CLANG_WARN_INFINITE_RECURSION = YES;
				CLANG_WARN_INT_CONVERSION = YES;
				CLANG_WARN_NON_LITERAL_NULL_CONVERSION = YES;
				CLANG_WARN_OBJC_IMPLICIT_RETAIN_SELF = YES;
				CLANG_WARN_OBJC_LITERAL_CONVERSION = YES;
				CLANG_WARN_OBJC_ROOT_CLASS = YES_ERROR;
				CLANG_WARN_RANGE_LOOP_ANALYSIS = YES;
				CLANG_WARN_STRICT_PROTOTYPES = YES;
				CLANG_WARN_SUSPICIOUS_MOVE = YES;
				CLANG_WARN_UNGUARDED_AVAILABILITY = YES_AGGRESSIVE;
				CLANG_WARN_UNREACHABLE_CODE = YES;
				CLANG_WARN__DUPLICATE_METHOD_MATCH = YES;
				CODE_SIGN_IDENTITY = "iPhone Developer";
				COPY_PHASE_STRIP = NO;
				DEBUG_INFORMATION_FORMAT = dwarf;
				ENABLE_STRICT_OBJC_MSGSEND = YES;
				ENABLE_TESTABILITY = YES;
				GCC_C_LANGUAGE_STANDARD = gnu11;
				GCC_DYNAMIC_NO_PIC = NO;
				GCC_NO_COMMON_BLOCKS = YES;
				GCC_OPTIMIZATION_LEVEL = 0;
				GCC_PREPROCESSOR_DEFINITIONS = (
					"DEBUG=1",
					"$(inherited)",
				);
				GCC_WARN_64_TO_32_BIT_CONVERSION = YES;
				GCC_WARN_ABOUT_RETURN_TYPE = YES_ERROR;
				GCC_WARN_UNDECLARED_SELECTOR = YES;
				GCC_WARN_UNINITIALIZED_AUTOS = YES_AGGRESSIVE;
				GCC_WARN_UNUSED_FUNCTION = YES;
				GCC_WARN_UNUSED_VARIABLE = YES;
				IPHONEOS_DEPLOYMENT_TARGET = 12.4;
				MTL_ENABLE_DEBUG_INFO = INCLUDE_SOURCE;
				MTL_FAST_MATH = YES;
				ONLY_ACTIVE_ARCH = YES;
				SDKROOT = iphoneos;
				SWIFT_ACTIVE_COMPILATION_CONDITIONS = DEBUG;
				SWIFT_OPTIMIZATION_LEVEL = "-Onone";
			};
			name = Debug;
		};
		9B75B8D42368B042003F06A3 /* Release */ = {
			isa = XCBuildConfiguration;
			buildSettings = {
				ALWAYS_SEARCH_USER_PATHS = NO;
				CLANG_ANALYZER_NONNULL = YES;
				CLANG_ANALYZER_NUMBER_OBJECT_CONVERSION = YES_AGGRESSIVE;
				CLANG_CXX_LANGUAGE_STANDARD = "gnu++14";
				CLANG_CXX_LIBRARY = "libc++";
				CLANG_ENABLE_MODULES = YES;
				CLANG_ENABLE_OBJC_ARC = YES;
				CLANG_ENABLE_OBJC_WEAK = YES;
				CLANG_WARN_BLOCK_CAPTURE_AUTORELEASING = YES;
				CLANG_WARN_BOOL_CONVERSION = YES;
				CLANG_WARN_COMMA = YES;
				CLANG_WARN_CONSTANT_CONVERSION = YES;
				CLANG_WARN_DEPRECATED_OBJC_IMPLEMENTATIONS = YES;
				CLANG_WARN_DIRECT_OBJC_ISA_USAGE = YES_ERROR;
				CLANG_WARN_DOCUMENTATION_COMMENTS = YES;
				CLANG_WARN_EMPTY_BODY = YES;
				CLANG_WARN_ENUM_CONVERSION = YES;
				CLANG_WARN_INFINITE_RECURSION = YES;
				CLANG_WARN_INT_CONVERSION = YES;
				CLANG_WARN_NON_LITERAL_NULL_CONVERSION = YES;
				CLANG_WARN_OBJC_IMPLICIT_RETAIN_SELF = YES;
				CLANG_WARN_OBJC_LITERAL_CONVERSION = YES;
				CLANG_WARN_OBJC_ROOT_CLASS = YES_ERROR;
				CLANG_WARN_RANGE_LOOP_ANALYSIS = YES;
				CLANG_WARN_STRICT_PROTOTYPES = YES;
				CLANG_WARN_SUSPICIOUS_MOVE = YES;
				CLANG_WARN_UNGUARDED_AVAILABILITY = YES_AGGRESSIVE;
				CLANG_WARN_UNREACHABLE_CODE = YES;
				CLANG_WARN__DUPLICATE_METHOD_MATCH = YES;
				CODE_SIGN_IDENTITY = "iPhone Developer";
				COPY_PHASE_STRIP = NO;
				DEBUG_INFORMATION_FORMAT = "dwarf-with-dsym";
				ENABLE_NS_ASSERTIONS = NO;
				ENABLE_STRICT_OBJC_MSGSEND = YES;
				GCC_C_LANGUAGE_STANDARD = gnu11;
				GCC_NO_COMMON_BLOCKS = YES;
				GCC_WARN_64_TO_32_BIT_CONVERSION = YES;
				GCC_WARN_ABOUT_RETURN_TYPE = YES_ERROR;
				GCC_WARN_UNDECLARED_SELECTOR = YES;
				GCC_WARN_UNINITIALIZED_AUTOS = YES_AGGRESSIVE;
				GCC_WARN_UNUSED_FUNCTION = YES;
				GCC_WARN_UNUSED_VARIABLE = YES;
				IPHONEOS_DEPLOYMENT_TARGET = 12.4;
				MTL_ENABLE_DEBUG_INFO = NO;
				MTL_FAST_MATH = YES;
				SDKROOT = iphoneos;
				SWIFT_COMPILATION_MODE = wholemodule;
				SWIFT_OPTIMIZATION_LEVEL = "-O";
				VALIDATE_PRODUCT = YES;
			};
			name = Release;
		};
		9B75B8D62368B042003F06A3 /* Debug */ = {
			isa = XCBuildConfiguration;
			buildSettings = {
				ASSETCATALOG_COMPILER_APPICON_NAME = AppIcon;
				CODE_SIGN_STYLE = Automatic;
				DEVELOPMENT_TEAM = XKVC7DY4VV;
				INFOPLIST_FILE = "Food Table/Info.plist";
				LD_RUNPATH_SEARCH_PATHS = (
					"$(inherited)",
					"@executable_path/Frameworks",
				);
				PRODUCT_BUNDLE_IDENTIFIER = "CestarCollege.Food-Table";
				PRODUCT_NAME = "$(TARGET_NAME)";
				SWIFT_VERSION = 5.0;
				TARGETED_DEVICE_FAMILY = "1,2";
			};
			name = Debug;
		};
		9B75B8D72368B042003F06A3 /* Release */ = {
			isa = XCBuildConfiguration;
			buildSettings = {
				ASSETCATALOG_COMPILER_APPICON_NAME = AppIcon;
				CODE_SIGN_STYLE = Automatic;
				DEVELOPMENT_TEAM = XKVC7DY4VV;
				INFOPLIST_FILE = "Food Table/Info.plist";
				LD_RUNPATH_SEARCH_PATHS = (
					"$(inherited)",
					"@executable_path/Frameworks",
				);
				PRODUCT_BUNDLE_IDENTIFIER = "CestarCollege.Food-Table";
				PRODUCT_NAME = "$(TARGET_NAME)";
				SWIFT_VERSION = 5.0;
				TARGETED_DEVICE_FAMILY = "1,2";
			};
			name = Release;
		};
/* End XCBuildConfiguration section */

/* Begin XCConfigurationList section */
		9B75B8BE2368B03F003F06A3 /* Build configuration list for PBXProject "Food Table" */ = {
			isa = XCConfigurationList;
			buildConfigurations = (
				9B75B8D32368B042003F06A3 /* Debug */,
				9B75B8D42368B042003F06A3 /* Release */,
			);
			defaultConfigurationIsVisible = 0;
			defaultConfigurationName = Release;
		};
		9B75B8D52368B042003F06A3 /* Build configuration list for PBXNativeTarget "Food Table" */ = {
			isa = XCConfigurationList;
			buildConfigurations = (
				9B75B8D62368B042003F06A3 /* Debug */,
				9B75B8D72368B042003F06A3 /* Release */,
			);
			defaultConfigurationIsVisible = 0;
			defaultConfigurationName = Release;
		};
/* End XCConfigurationList section */
	};
	rootObject = 9B75B8BB2368B03F003F06A3 /* Project object */;
}
